# THIS IS AN AUTOGENERATED FILE. DO NOT EDIT THIS FILE DIRECTLY.
# yarn lockfile v1


highcharts-vue@^1.4.0:
  version "1.4.0"
  resolved "https://registry.yarnpkg.com/highcharts-vue/-/highcharts-vue-1.4.0.tgz#4bdaaddc6b9a3eea0df70d29a22ae713d28e4a0c"
  integrity sha512-fTPqJmU/wR/nUEtofbC/iJqcgULGcP3C0Hd4YYCKH2FiiteNs7UidjSM4eYj5Y4ldpOVhwPtNj/m6XwC3ajp6g==

highcharts@^10.0.0:
  version "10.0.0"
  resolved "https://registry.yarnpkg.com/highcharts/-/highcharts-10.0.0.tgz#a78c3c8f077834ab2431a03c6699b2fbc511a37f"
  integrity sha512-a14PrTraVaoSNyaRPhLF/jJ3/09rJwfUZedLgZOkzozGz4K/H8WtWNJtUZt/tc5QiJkaZHw4YX7vvuO98s+EoA==
